
Microsoft Visual Studio Solution File, Format Version 12.00
# Visual Studio Version 16
VisualStudioVersion = 16.0.31005.135
MinimumVisualStudioVersion = 10.0.40219.1
Project("{9A19103F-16F7-4668-BE54-9A1E7A4F7556}") = "JWTAuthentication", "JWTAuthentication\JWTAuthentication.csproj", "{DF3A0E3F-FD48-4917-AAD3-25FCA0B94734}"
EndProject
Project("{FAE04EC0-301F-11D3-BF4B-00C04F79EFBC}") = "JWTAuthentication.Persistance", "JWTAuthentication.Data\JWTAuthentication.Persistance.csproj", "{DD4BB9FC-AEA6-4BDC-A05F-24E2CD8F7F37}"
EndProject
Project("{FAE04EC0-301F-11D3-BF4B-00C04F79EFBC}") = "JWTAuthentication.Services", "JWTAuthentication.Services\JWTAuthentication.Services.csproj", "{4F06F5A8-047C-4A50-8B61-DE62E6F60204}"
EndProject
Project("{FAE04EC0-301F-11D3-BF4B-00C04F79EFBC}") = "JWTAuthentication.Core", "JWTAuthentication.Core\JWTAuthentication.Core.csproj", "{259C109B-0916-4C3F-92E3-16910DFA889A}"
EndProject
Global
	GlobalSection(SolutionConfigurationPlatforms) = preSolution
		Debug|Any CPU = Debug|Any CPU
		Release|Any CPU = Release|Any CPU
	EndGlobalSection
	GlobalSection(ProjectConfigurationPlatforms) = postSolution
		{DF3A0E3F-FD48-4917-AAD3-25FCA0B94734}.Debug|Any CPU.ActiveCfg = Debug|Any CPU
		{DF3A0E3F-FD48-4917-AAD3-25FCA0B94734}.Debug|Any CPU.Build.0 = Debug|Any CPU
		{DF3A0E3F-FD48-4917-AAD3-25FCA0B94734}.Release|Any CPU.ActiveCfg = Release|Any CPU
		{DF3A0E3F-FD48-4917-AAD3-25FCA0B94734}.Release|Any CPU.Build.0 = Release|Any CPU
		{DD4BB9FC-AEA6-4BDC-A05F-24E2CD8F7F37}.Debug|Any CPU.ActiveCfg = Debug|Any CPU
		{DD4BB9FC-AEA6-4BDC-A05F-24E2CD8F7F37}.Debug|Any CPU.Build.0 = Debug|Any CPU
		{DD4BB9FC-AEA6-4BDC-A05F-24E2CD8F7F37}.Release|Any CPU.ActiveCfg = Release|Any CPU
		{DD4BB9FC-AEA6-4BDC-A05F-24E2CD8F7F37}.Release|Any CPU.Build.0 = Release|Any CPU
		{4F06F5A8-047C-4A50-8B61-DE62E6F60204}.Debug|Any CPU.ActiveCfg = Debug|Any CPU
		{4F06F5A8-047C-4A50-8B61-DE62E6F60204}.Debug|Any CPU.Build.0 = Debug|Any CPU
		{4F06F5A8-047C-4A50-8B61-DE62E6F60204}.Release|Any CPU.ActiveCfg = Release|Any CPU
		{4F06F5A8-047C-4A50-8B61-DE62E6F60204}.Release|Any CPU.Build.0 = Release|Any CPU
		{259C109B-0916-4C3F-92E3-16910DFA889A}.Debug|Any CPU.ActiveCfg = Debug|Any CPU
		{259C109B-0916-4C3F-92E3-16910DFA889A}.Debug|Any CPU.Build.0 = Debug|Any CPU
		{259C109B-0916-4C3F-92E3-16910DFA889A}.Release|Any CPU.ActiveCfg = Release|Any CPU
		{259C109B-0916-4C3F-92E3-16910DFA889A}.Release|Any CPU.Build.0 = Release|Any CPU
	EndGlobalSection
	GlobalSection(SolutionProperties) = preSolution
		HideSolutionNode = FALSE
	EndGlobalSection
	GlobalSection(ExtensibilityGlobals) = postSolution
		SolutionGuid = {319668EF-0177-458B-AA2E-4102865AD413}
	EndGlobalSection
EndGlobal
